
Microsoft Visual Studio Solution File, Format Version 12.00
# Visual Studio 2017
Project("{FAE04EC0-301F-11D3-BF4B-00C04F79EFBC}") = "Notanamy", "Notanamy.csproj", "{A7575E51-0515-906C-11FB-39E2E3DE711E}"
EndProject
Project("{FAE04EC0-301F-11D3-BF4B-00C04F79EFBC}") = "Notanamy.Editor", "Notanamy.Editor.csproj", "{8B45E8BD-8A20-ABD4-CE11-F5367674F4E2}"
EndProject
Project("{FAE04EC0-301F-11D3-BF4B-00C04F79EFBC}") = "Notanamy.Editor", "Notanamy.Editor.csproj", "{8B45E8BD-8A20-ABD4-CE11-F5367674F4E2}"
EndProject
Project("{FAE04EC0-301F-11D3-BF4B-00C04F79EFBC}") = "Notanamy.Editor", "Notanamy.Editor.csproj", "{8B45E8BD-8A20-ABD4-CE11-F5367674F4E2}"
EndProject
Global
	GlobalSection(SolutionConfigurationPlatforms) = preSolution
		Debug|Any CPU = Debug|Any CPU
		Release|Any CPU = Release|Any CPU
	EndGlobalSection
	GlobalSection(ProjectConfigurationPlatforms) = postSolution
		{A7575E51-0515-906C-11FB-39E2E3DE711E}.Debug|Any CPU.ActiveCfg = Debug|Any CPU
		{A7575E51-0515-906C-11FB-39E2E3DE711E}.Debug|Any CPU.Build.0 = Debug|Any CPU
		{A7575E51-0515-906C-11FB-39E2E3DE711E}.Release|Any CPU.ActiveCfg = Release|Any CPU
		{A7575E51-0515-906C-11FB-39E2E3DE711E}.Release|Any CPU.Build.0 = Release|Any CPU
		{8B45E8BD-8A20-ABD4-CE11-F5367674F4E2}.Debug|Any CPU.ActiveCfg = Debug|Any CPU
		{8B45E8BD-8A20-ABD4-CE11-F5367674F4E2}.Debug|Any CPU.Build.0 = Debug|Any CPU
		{8B45E8BD-8A20-ABD4-CE11-F5367674F4E2}.Release|Any CPU.ActiveCfg = Release|Any CPU
		{8B45E8BD-8A20-ABD4-CE11-F5367674F4E2}.Release|Any CPU.Build.0 = Release|Any CPU
		{8B45E8BD-8A20-ABD4-CE11-F5367674F4E2}.Debug|Any CPU.ActiveCfg = Debug|Any CPU
		{8B45E8BD-8A20-ABD4-CE11-F5367674F4E2}.Debug|Any CPU.Build.0 = Debug|Any CPU
		{8B45E8BD-8A20-ABD4-CE11-F5367674F4E2}.Release|Any CPU.ActiveCfg = Release|Any CPU
		{8B45E8BD-8A20-ABD4-CE11-F5367674F4E2}.Release|Any CPU.Build.0 = Release|Any CPU
		{8B45E8BD-8A20-ABD4-CE11-F5367674F4E2}.Debug|Any CPU.ActiveCfg = Debug|Any CPU
		{8B45E8BD-8A20-ABD4-CE11-F5367674F4E2}.Debug|Any CPU.Build.0 = Debug|Any CPU
		{8B45E8BD-8A20-ABD4-CE11-F5367674F4E2}.Release|Any CPU.ActiveCfg = Release|Any CPU
		{8B45E8BD-8A20-ABD4-CE11-F5367674F4E2}.Release|Any CPU.Build.0 = Release|Any CPU
	EndGlobalSection
	GlobalSection(SolutionProperties) = preSolution
		HideSolutionNode = FALSE
	EndGlobalSection
EndGlobal
